{
  "version": 4,
  "terraform_version": "1.9.5",
  "serial": 48,
  "lineage": "af910b94-ab02-d9bd-1f24-23a388ff9e99",
  "outputs": {},
  "resources": [
    {
      "mode": "managed",
      "type": "azurerm_container_registry",
      "name": "acr",
      "provider": "provider[\"registry.terraform.io/hashicorp/azurerm\"]",
      "instances": [
        {
          "schema_version": 2,
          "attributes": {
            "admin_enabled": false,
            "admin_password": "",
            "admin_username": "",
            "anonymous_pull_enabled": false,
            "data_endpoint_enabled": false,
            "encryption": [
              {
                "enabled": false,
                "identity_client_id": "",
                "key_vault_key_id": ""
              }
            ],
            "export_policy_enabled": true,
            "georeplications": [],
            "id": "/subscriptions/05431236-577b-4c75-9f9b-058ef2431e96/resourceGroups/rg-dev-aks/providers/Microsoft.ContainerRegistry/registries/acrakssomen",
            "identity": [],
            "location": "eastus",
            "login_server": "acrakssomen.azurecr.io",
            "name": "acrakssomen",
            "network_rule_bypass_option": "AzureServices",
            "network_rule_set": [
              {
                "default_action": "Allow",
                "ip_rule": [],
                "virtual_network": []
              }
            ],
            "public_network_access_enabled": false,
            "quarantine_policy_enabled": false,
            "resource_group_name": "rg-dev-aks",
            "retention_policy": [
              {
                "days": 7,
                "enabled": false
              }
            ],
            "sku": "Premium",
            "tags": {},
            "timeouts": null,
            "trust_policy": [
              {
                "enabled": false
              }
            ],
            "zone_redundancy_enabled": false
          },
          "sensitive_attributes": [
            [
              {
                "type": "get_attr",
                "value": "admin_password"
              }
            ]
          ],
          "private": "eyJlMmJmYjczMC1lY2FhLTExZTYtOGY4OC0zNDM2M2JjN2M0YzAiOnsiY3JlYXRlIjoxODAwMDAwMDAwMDAwLCJkZWxldGUiOjE4MDAwMDAwMDAwMDAsInJlYWQiOjMwMDAwMDAwMDAwMCwidXBkYXRlIjoxODAwMDAwMDAwMDAwfSwic2NoZW1hX3ZlcnNpb24iOiIyIn0=",
          "dependencies": [
            "azurerm_resource_group.rg-name",
            "azurerm_subnet.aks",
            "azurerm_virtual_network.vnet_aks"
          ]
        }
      ]
    },
    {
      "mode": "managed",
      "type": "azurerm_kubernetes_cluster",
      "name": "aks",
      "provider": "provider[\"registry.terraform.io/hashicorp/azurerm\"]",
      "instances": [
        {
          "schema_version": 2,
          "attributes": {
            "aci_connector_linux": [],
            "api_server_access_profile": [
              {
                "authorized_ip_ranges": [],
                "subnet_id": "",
                "vnet_integration_enabled": false
              }
            ],
            "api_server_authorized_ip_ranges": [],
            "auto_scaler_profile": [],
            "automatic_channel_upgrade": "",
            "azure_active_directory_role_based_access_control": [],
            "azure_policy_enabled": null,
            "confidential_computing": [],
            "current_kubernetes_version": "1.29.7",
            "custom_ca_trust_certificates_base64": null,
            "default_node_pool": [
              {
                "capacity_reservation_group_id": "",
                "custom_ca_trust_enabled": false,
                "enable_auto_scaling": false,
                "enable_host_encryption": false,
                "enable_node_public_ip": false,
                "fips_enabled": false,
                "gpu_instance": "",
                "host_group_id": "",
                "kubelet_config": [],
                "kubelet_disk_type": "OS",
                "linux_os_config": [],
                "max_count": 0,
                "max_pods": 30,
                "message_of_the_day": "",
                "min_count": 0,
                "name": "default",
                "node_count": 1,
                "node_labels": {},
                "node_network_profile": [],
                "node_public_ip_prefix_id": "",
                "node_taints": null,
                "only_critical_addons_enabled": false,
                "orchestrator_version": "1.29",
                "os_disk_size_gb": 128,
                "os_disk_type": "Managed",
                "os_sku": "Ubuntu",
                "pod_subnet_id": "",
                "proximity_placement_group_id": "",
                "scale_down_mode": "Delete",
                "snapshot_id": "",
                "tags": null,
                "temporary_name_for_rotation": "",
                "type": "VirtualMachineScaleSets",
                "ultra_ssd_enabled": false,
                "upgrade_settings": [
                  {
                    "max_surge": "10%"
                  }
                ],
                "vm_size": "Standard_D2pds_v5",
                "vnet_subnet_id": "/subscriptions/05431236-577b-4c75-9f9b-058ef2431e96/resourceGroups/rg-dev-aks/providers/Microsoft.Network/virtualNetworks/vnet-aks/subnets/snet-aks",
                "workload_runtime": "",
                "zones": null
              }
            ],
            "disk_encryption_set_id": "",
            "dns_prefix": "",
            "dns_prefix_private_cluster": "aks-pvaks-cac-001",
            "edge_zone": "",
            "enable_pod_security_policy": false,
            "fqdn": "",
            "http_application_routing_enabled": null,
            "http_application_routing_zone_name": null,
            "http_proxy_config": [],
            "id": "/subscriptions/05431236-577b-4c75-9f9b-058ef2431e96/resourceGroups/rg-dev-aks/providers/Microsoft.ContainerService/managedClusters/aks-pvaks-cac-001",
            "identity": [
              {
                "identity_ids": [
                  "/subscriptions/05431236-577b-4c75-9f9b-058ef2431e96/resourceGroups/rg-dev-aks/providers/Microsoft.ManagedIdentity/userAssignedIdentities/id-aks-cac-001"
                ],
                "principal_id": "",
                "tenant_id": "",
                "type": "UserAssigned"
              }
            ],
            "image_cleaner_enabled": false,
            "image_cleaner_interval_hours": 48,
            "ingress_application_gateway": [],
            "key_management_service": [],
            "key_vault_secrets_provider": [],
            "kube_admin_config": [],
            "kube_admin_config_raw": "",
            "kube_config": [
              {
                "client_certificate": "LS0tLS1CRUdJTiBDRVJUSUZJQ0FURS0tLS0tCk1JSUZIakNDQXdhZ0F3SUJBZ0lSQUlMOUtlSnVYOTMzcm5ZU3hCN0xuSG93RFFZSktvWklodmNOQVFFTEJRQXcKRFRFTE1Ba0dBMVVFQXhNQ1kyRXdIaGNOTWpRd09ESXpNVEExT0RNNVdoY05Nall3T0RJek1URXdPRE01V2pBdwpNUmN3RlFZRFZRUUtFdzV6ZVhOMFpXMDZiV0Z6ZEdWeWN6RVZNQk1HQTFVRUF4TU1iV0Z6ZEdWeVkyeHBaVzUwCk1JSUNJakFOQmdrcWhraUc5dzBCQVFFRkFBT0NBZzhBTUlJQ0NnS0NBZ0VBazgyV2wzczFBSEVVV2ZrWDlHYmMKb1JJQUZJazFOYUFQWmhDaGZIUzB5TDBRWEkvbHExcDIxY0Fuc2NERGdCWHBvYi9aUTd1bU5YVEZjOWI1RU4xQwpiNmhFZ1R4b2ZMZ08zVVJJbTBPR2cvenBJUmhoNjFUQVUzY3I5Y1RwdDJ4Q0lvYTJZYlNyUnRweEZmbmlpVW40Ckc5L3hZemNxQ0k3ZmdtY1pxajM3ZlB3RmhUL0tENVc2NnVMVThtQytZL3owVTZzSHNCSUlOS2U1OW1jcEE5N0gKNC9UWms0WjIvcGVSWkt3T0xlRzdGTExKTHE1bG9tUHVNdEhsR0FVUVdGV2daSWtwSnFGVFhJbmxqc21tVFlUUAprZHgxMzc0cmRVSFc1YlM4NUprZDVXUU5wL3FWY3o4Q1MzY0pESGt5bWJmZFZSN1MzQkpEd1dXaVlqajdsQThiCm8vcDMzcTVISzNXVlRnQzRpNkRsTzlkUnpHUHk2dUhEQm9xOGs5by80STlwRlBzZHd5b3M4bzF1T3Qzbjd6TnMKd1NTL21SeE9QVUpjOWJ0b3FNU1Y2YVpMZTh1UWsvbDMxV3k3MFk2Ryt3T0pPZmhNL1BKeEdHbmVXeWlBcy90WQphUGpnV3NGV0VZbDI3VXdSSG00Q25MQlBzbm9VYi9qbmNuODZoR0xXWnBmckJodXowMzhGZzlDLzYvNDVVdm1LCmR4RUFlRkZOUGVhMmdTMktMdk5jTzlONjQ4SjI3Yng3dEFpSGZQQkpWdFVzUmdmbjFTSlBjWHhoTHRIWXA3SUYKYVd4aVFiQ041djEzV2RncFVDem5wa1U3T2wrZnJadGRnMlB6QnoyTk9YSlFPODNOVWJxQ1BUSzNUOWw0ak1iKwpsZ2VIRzNEOERHSEVaZ1VYMXVXWTFTRUNBd0VBQWFOV01GUXdEZ1lEVlIwUEFRSC9CQVFEQWdXZ01CTUdBMVVkCkpRUU1NQW9HQ0NzR0FRVUZCd01DTUF3R0ExVWRFd0VCL3dRQ01BQXdId1lEVlIwakJCZ3dGb0FVZm8rM0gwcmgKUUZQcDNCMW5tWUorSWkzQjlSb3dEUVlKS29aSWh2Y05BUUVMQlFBRGdnSUJBTktaTWhUc3VFcVBrVkpuTEM4MQpsM3dmdVlJeEN5dktYWFhvRHFzcFZwVi9NbDJhM0lEcVhqTU44YjB5M1pudExyNU1BdW12TUloWU91T0VVWkkxCm01bGhFb21ablg3SFYrcWx1TFIyRkJnMVdoRlQxUjhMTlkweW93bFVGTEs5NVd3MlJwRHdpQ0ZMWjJyOWhQWmMKWW9lSk02QXo1K1o2TURzSXU1eER1L2VvcUdJMHV1Y0krRnJkYkVEVkZvcjVwOFhpczc0WG00VkNsZERzN0JRKwo2V2dLOFpCMDU3L1RmSHptcVoyWms3UWdYUkJIKzNucVlwZUJuMXQ5YUtTY0pWUy9OTE9YL0k5L0Fnc2R2UDF2ClVsdi9jVjZmUHRRZUk2dHozdHpMNFpXUlRVWVpZMVpkZHI5TkJ4RTFScGpYVzVFZXNzWkJlYXFVcVE2WVd0anoKTjBraEM3dU9CcGwxNlMyZldPRDdzdmU1bFZnbWtTNHpxcTRyb2k2WWZ3T0dzWHJjT2NxTUVCL3JjU1NaNFZLSQpmcVFKVGRsMGFRa1RwemRoUHhYc0MzeDJvS1BEQlBtWU44b01ZVkdLV0VHNTREMGxwZWpaRzRzWEE0ZUNxazJ1CjZLZVU2M3JIZWlVdUZWNDVwSjBnaW15S1B0QUtuRWdDRUM0b2pVRThZY0t1eTliTjVJMFJScEs3cEN1aThRTFYKTkwyb1hWS1NuL0J2S0NudVZYV1ZzK0tZbG1uajc5eHp2ZUpiTjZLcDNpSUpEUFI5bUdkN003cm9xc2hIa042TgpKOU95ZXhxSmdWRURSMklwTUVqWG53QkR1SC9oOGt0Q2NQNXJTbXZVeDZXK05SZC92WTNKUHJoTWxnNUwzVWpKCkFTRUp5QU5WWER3ci9LQXh1V1hJdW9XdwotLS0tLUVORCBDRVJUSUZJQ0FURS0tLS0tCg==",
                "client_key": "LS0tLS1CRUdJTiBSU0EgUFJJVkFURSBLRVktLS0tLQpNSUlKS0FJQkFBS0NBZ0VBazgyV2wzczFBSEVVV2ZrWDlHYmNvUklBRklrMU5hQVBaaENoZkhTMHlMMFFYSS9sCnExcDIxY0Fuc2NERGdCWHBvYi9aUTd1bU5YVEZjOWI1RU4xQ2I2aEVnVHhvZkxnTzNVUkltME9HZy96cElSaGgKNjFUQVUzY3I5Y1RwdDJ4Q0lvYTJZYlNyUnRweEZmbmlpVW40RzkveFl6Y3FDSTdmZ21jWnFqMzdmUHdGaFQvSwpENVc2NnVMVThtQytZL3owVTZzSHNCSUlOS2U1OW1jcEE5N0g0L1RaazRaMi9wZVJaS3dPTGVHN0ZMTEpMcTVsCm9tUHVNdEhsR0FVUVdGV2daSWtwSnFGVFhJbmxqc21tVFlUUGtkeDEzNzRyZFVIVzViUzg1SmtkNVdRTnAvcVYKY3o4Q1MzY0pESGt5bWJmZFZSN1MzQkpEd1dXaVlqajdsQThiby9wMzNxNUhLM1dWVGdDNGk2RGxPOWRSekdQeQo2dUhEQm9xOGs5by80STlwRlBzZHd5b3M4bzF1T3Qzbjd6TnN3U1MvbVJ4T1BVSmM5YnRvcU1TVjZhWkxlOHVRCmsvbDMxV3k3MFk2Ryt3T0pPZmhNL1BKeEdHbmVXeWlBcy90WWFQamdXc0ZXRVlsMjdVd1JIbTRDbkxCUHNub1UKYi9qbmNuODZoR0xXWnBmckJodXowMzhGZzlDLzYvNDVVdm1LZHhFQWVGRk5QZWEyZ1MyS0x2TmNPOU42NDhKMgo3Yng3dEFpSGZQQkpWdFVzUmdmbjFTSlBjWHhoTHRIWXA3SUZhV3hpUWJDTjV2MTNXZGdwVUN6bnBrVTdPbCtmCnJadGRnMlB6QnoyTk9YSlFPODNOVWJxQ1BUSzNUOWw0ak1iK2xnZUhHM0Q4REdIRVpnVVgxdVdZMVNFQ0F3RUEKQVFLQ0FnQnpPbU4rQTNMbHZrTGtoaHNUMGlHTmZUQU0wbzltR0R3SkVVd2tjQVFGUDhpQ3NUaVhwM1pmM0dmVgozM2RLNDBwNmJNd2dUeW9jSU1aVE1qU0kza2FPTUR3QUdTMUlsbUlZUk1UcUx2R3U4cng1cmIyaEx6aWxtWkh2CkVDNDVicS84cE5PSlJzWUUvZ1lONFB1b2xyOVVVL21ucFBrakpPZkJqVWxuL055VXF4Sk91TlY1NHZ5UFpIb3AKNEJ4dWJXVzUyT3VzYTlKejRwTkxNMCs1a2JSNjFvZk55Slg2bEFXbzI2NU9QTjZTRzNSVzdXV1UvWjFWaDJlNApteklMKysySWs1bytZS1ZSenJ2bDN2WEZGNWFQbTdWVjByZWt1Y2lrMm93dEYrWkQwUVlJZ0lhRkM0bHBkZ3JhCjY1MzBVM0M5ak1OTkNQeER5VTJZajk0cXBzQ2ZualpXajFPaUorcGVTUW9abnNqL2JnS3lxbzIyYzBydnBtUUoKUVVaTmVkbW5UREVNNVJKSmx4aC92b1lUalIzbnZuUzJNMVloTGo2Z0wrZkhsdGdYcUVFeWpFZjB1TjdGYUxQYgoyaU5VWGVvUktqektWZ1dEQVlsK29CU0F2YTNLamtSZy9xRG5nN2VqMHpmakI0c0ZFUDJieVlURTd3M2wxaU9TCmtFc3N2MjJRZ3hIc1B1YTNBT2cwSjlwU05PSFVDdGxnUmZXSWZGYk1YbmlCWTdMb3JsVGZudkFXSW5WSjFVMnMKTXdSd3N4UzAvS1oxeDNTOFpnMWNKdTBlUWRxdnUremlEcmVGbjNRNmYxLzRJV1Jicy83SkwwbjJweFhWL1Z2MQphYWRIQkZrZ0NZSzFkU0d2RGJzb0tyRGhUUVNVcDc5eEQ0Z20wTW1IM2FyL0ZTemdBUUtDQVFFQXc0cEVqNXJ2CmRORDJCVVdmQ1VkaGFmZmZJUjd0NW9wOEt1di9RanhjZjNiTzRQS2pMSjltYndEWm5YYnpRc1U1YS9vazJETzUKUTNsOUE5Ykp2dlMzQkF0NzVRQXlRbTM2dzlNT0pWeDZaTjk4UmRjai9wVk1HRFgxeEJnR3krQW5FVHBUUUpvSwprS3VxVmJkekdoNmk0T3M5L2tHT240T3l2VElKcGNNTzFFWndaR2tyR0twN2tzT2Y4MGpMSUp3Zkl6TEp5a09MCjNjRjRjQ056VnhaaDFKTjhmTXpwY3EyRDVCdG8yamFNaE1WNE1SUThySXJLMlBER09Zdlh0NjJSQVFHeENvSTYKY09HSzhYd3RReSswbHI2UUNtbUFVOUhBOVBwUVBMRHFsdGxpSWZZczBoQW5Ob0Vqdk9UdDRhSy8vMWdUVmF6cQo5NFBKS2RDc0Z4dERBUUtDQVFFQXdZREJkVzJaNEYzYnhvNTBFM0tDOXQ0M0FrZ0N1bkxWSjJkSU81QVBrcldCCmovQVdEZGRPNU55TVNxTjRJalh3UDVjOVFzWXVpUUlYNkRkMXN1SWkwR0hUaDlBK3dmKzZBUkozdTQvenNHU1gKVWdUZVZiTGx3d3daUHNaTVRWTVJqR3hZOHJLNkloYnF2bC91WEZLcUFpQURXZ1BycFlaTCt4WFd2eHh5VjMyRwpBOWJrOFRZQ295YWluUVhCTk13L1lsMXRNYnhPZG1qVDNPMkZMa0JlUVlQdVJuUEY1U3NCYlR0WUZ3TWRLMndaCmk2d1lpY0hpeVFKQjRmRk9KWThKcktBZmVWNk03dWJCODNTbjQ1a3FEWGtZMVZxTEROblA3NHVsNTVHNzNLazYKaDg1dVhnZmFXbjlpeFlqVlM0MktwSXpOdUVRY1d0TExnZy91MnY4eUlRS0NBUUEvZG1LbUVPemlodWN4OHRTWQoyRmZmWXBsQ1VKMTVrenlWV1o2d3lwSml0QmFVbjJzaUVtSFdhUG8zeHVGUXJGM2trM3pkeG51OFVIT29pVTlVCjhHdHRucVNKUURVUHBrNGF2Q2I5TFRSMEJLeDZwa2FDVzhZa25XNjBRL0FBdnpFdXdEVkE1RDNGa2xGb0hHLzQKN0RTRXR4U1pyb0V4ZURiTWZLN3c0NHV1aldYdzBNa3g2akxOQVR5cVl0ZTZMN0ZUWlNwa3dPTm1CMktsVW53ZQpxWjc2dFJ0VURkVSthTjVEYkRudGlJSzJuTGhUaFhQanMrLzkxTGNnK2lmNjd4UCt0YVBWKzBvb1ZLc1prT25ICnduWGo3dGtrNS9URVAzRldrTjcxczUyUGMrSUxqN0FnUlNuVTRMak9sNlkwOHZOSlZqYUFPZXpRaEM4SHFUZ1IKRDhJQkFvSUJBUUN2MW5MMlpLeHFDS0NJWkRieTNTSkpkMUVCajdKNi81TFhCYkhML25OSVhBdnFZcitId0ZuKworck81dDZhWlgrNTd1dEYrZGwwZlAzbStHWGVwSUhtR1p2OHo4WGEyRDg1VTN4VlNxZE5HUFlLTWs4UCttRnpWCnk0NjlUckZUcXVMTmVqK3grOXZNMG9wcWlQNHZneWJlVzN6d05aUFRqS0JMQUdOdXMwanNYREtHRnFkZzBqVy8KVUlLQXNoUUtDSGlveUVGTDZ0UmFJWlEwdE5wTFYwN1B0alcyYThvdkg4OWlGWVZORkJWVHVoM1VvSVNEMmw1ZApUdUhUa2RYenAzR2hIcmk3TDhKZDdlL2RiZXFLbGtweWg5S2JQbllSTFhVWk53dUJ6UnFyd0ZSaHlLTGVhOEJ1CmNFZXZQVkttSDI4WGJLUWNpRGhFQ0QzS2FQUWlxYmhCQW9JQkFGM0xya2hvSWVFclRycUlPeURDN01iVzZMWW4KRjdJR2MvUFBrN3Z5QmhCRVowNWRTbVppSU5XU1h4WEMzN01XdGlzcGUrY2VXZVMrbnJIS1ZzdS9LdSs1TzAvMQpielpzZ1ZvekFlRm81Zkh1Z2Y0c3gzQTV6bEN5aHE1NkRuT0p4N0FmRzZOZGZseWhlY3IzZ1kyajFkQm1jblJxCjRHcGFTUHlCMmxuNzZZUFpBTkQvMlkzL1ZCaCtnTEpSNWcrbjVJZWR6Y0RScG1CSFMwY3NPRDVjNzRtTGc5TzQKOWp3bEF1S20zN2dyVFoxQktZbkFicHFyUkRxSWJ4dEs2eElVUHBGQ2FrYm5xTjJ6Rm8zRzhjWWd0VzFJTXBMZQpIUzc5WjZBdW01dHNhOWZuZjB2UncrVHRONTA3QTl5dXZlSXVlbE45N1ViaEMyTzRqY0VOcnY5UVk4dz0KLS0tLS1FTkQgUlNBIFBSSVZBVEUgS0VZLS0tLS0K",
                "cluster_ca_certificate": "LS0tLS1CRUdJTiBDRVJUSUZJQ0FURS0tLS0tCk1JSUU2RENDQXRDZ0F3SUJBZ0lRQmZudUJuQXJBQWZLSjJkU1cwTVByekFOQmdrcWhraUc5dzBCQVFzRkFEQU4KTVFzd0NRWURWUVFERXdKallUQWdGdzB5TkRBNE1qTXhNRFU0TXpsYUdBOHlNRFUwTURneU16RXhNRGd6T1ZvdwpEVEVMTUFrR0ExVUVBeE1DWTJFd2dnSWlNQTBHQ1NxR1NJYjNEUUVCQVFVQUE0SUNEd0F3Z2dJS0FvSUNBUURUCmc1S1FlU0tuQ3d6RE5UMVR5TVNTaU1tMW1veHc3cHBwb21Ra1VtSHFSRklKeklUL002U0J1SmdQMzU3MExwVHQKRG5xKzJkV2hKTmtML0JUUW5EdnN2Y1ZyV0tSTEROQ2pWUnlhUzkyVkc3MFpjRmlGUlZuN1ZiMHVPUW9IK05kegpFNWVvN3VIZzlVVUtCbG5XdUZzR3o1Tk81aGQreS9nNVZVZE1XQzVyS25jaVl4ZEFrZWlMeUFEZzYwMFJReDZFClo0OEJWN0NKR21HcUhpVWc3NmZwcXp6MWh6SlRMK3dqN2NjdWEyYkRqVXN2MlVrSGFhckp2VmNHSXdmQkErVHcKUDJDb3hyWTZtbjdnY0tiNkpDdU9BbC9iMlNXQndUZHFXV1hjRUJhTlFVdllTN3VDbmZHQjJmK1NnR3Ivb1g4Kwp4TGJzMlZVUUp4ZkhPK1QzeFdRVUVGR045ckN6bmRLeTZNdXg4RXVISUx4Z3lLeHgxZGtDSmpWVWdTdlhMZG5BCmpqNC82RGw3ejFFZi9yeXdLMTlSVnAvN2ZoY0JHcVJBdUM0MUk0TGJkTHl1ZmpyeFZIVlJtMTF1Sy9IdVIvUWgKWXh6bDI2d3FGYVRDRk4xTEVCNml2a0Rqdm1xYVlMai9zcDRnd3lkQVJmSWMzcmhRWDdQRHNzTUxyN016Ulo4MQpJbHA4cXNyS0V4dEhYOE1MQ2VwdTZBbEtYRW1aZWt2UFlpK1FTdFIzdStkVmdnZExON01POTJKOVdTU1hjdWpCCkE1MFg1YkRXcE1CWVQ4dEtHSDZzcGVsaFYyaHV6bVljU2pQdVB5dHBFcXFtZHlDUDlDT2RYc0hEVHBkQUFWZkUKNmg0aTRtdEZ3R2VNL2k2Vkg1Zm16SzhwRkdmWWtoWjVaRGJSdWhvVXR3SURBUUFCbzBJd1FEQU9CZ05WSFE4QgpBZjhFQkFNQ0FxUXdEd1lEVlIwVEFRSC9CQVV3QXdFQi96QWRCZ05WSFE0RUZnUVVmbyszSDByaFFGUHAzQjFuCm1ZSitJaTNCOVJvd0RRWUpLb1pJaHZjTkFRRUxCUUFEZ2dJQkFFL3czUHNFU3NKYjhoVkIxUG4xSE9HUnZneUwKRWJtcFBKMHNIYkNWL3lPcEtuMzQxL05ub21LdjZ5ZzNjcmNoY2gvVW5vWGlzeXJEaFRSQVdWdyt3b1ByK05MVApoTy9mNE43Y0dZSldFWXhTN0hESlFzUzNLSFpiclRmMkM0emloSjl6Sis0Qkk0QzdWSXB6K3VmdzhtNEYzRjg4CitvVlowNnpRd05pbFNzZzdCZWd4WmhublluTjVsQmQvcHQ3OEczcmRrVHlpV2hoZndHUlZFZXpLSDViMFlVem8Kd09taCtObzBMUVNleG1FRS9mdHNJdjhpdFNORDNvWE4wbndNWHZncEl2M0xNZjBEYldtK1BSMmxKaWlFRXZSdQpBbUVNMy9zUkxwMnZNTnlVQ0hhUWoxRGgwWGxVaDhvaXhvRUpuSXpMM2UxR3BwUEtjY2hINnZLc25TeFFjSEFhCkNjRlVhZkNYUHpibTJZVXpuaFBqMWEraE81OFBCQ2p0UWpBRkt5V3hkQ1BSY1Y5ZS84Y2FoOGVZbE9ZZ2JrY0EKMVQ3R0hPY3hHOXVSaVBpMzRJTzE0UUROL0RHZnkrV3RZWjRaL2IwQVZRNXJSQ2J1Z1Z1OVVxYTFraWlHQVAvUwp6T0Z4cWpLeUgrZ2F4OXVraU0yK3RWYjA5cnZLNklJaForbzhxcUgvU20zRUNOcEtsUnI0RDFwZDgzYlV0cUtRCjcrQ1BDN3hUSHg1eHpjYnh0blIxSWQ5WWFZREJxbkhSK010cmljTTVnNzBzRVQrVStNOEVJZVJray9yQzlwUlEKNnQ5ZXFudTgyaTk3THRJS1JiUUx4U21ERTdGMTJvcHpUWTF1WUJIYm9sWGJoYTE1S1RSeVBSUHg2czBlMXhPeApTSUVCRlJ3TTRUUGF2OVdoCi0tLS0tRU5EIENFUlRJRklDQVRFLS0tLS0K",
                "host": "https://aks-pvaks-cac-001.privatelink.eastus.azmk8s.io:443",
                "password": "xsn6pyr3c3ohx1ud9cyl8r5ofgdqsav6a6jzgnu2pofzd9wd2eemmg2u3g0mf2olwxzgap1ouk8zxwvvutz35rv5dswmqeo0zwa7jircdp6sp66wilm6889ypzpzu93y",
                "username": "clusterUser_rg-dev-aks_aks-pvaks-cac-001"
              }
            ],
            "kube_config_raw": "apiVersion: v1\nclusters:\n- cluster:\n    certificate-authority-data: LS0tLS1CRUdJTiBDRVJUSUZJQ0FURS0tLS0tCk1JSUU2RENDQXRDZ0F3SUJBZ0lRQmZudUJuQXJBQWZLSjJkU1cwTVByekFOQmdrcWhraUc5dzBCQVFzRkFEQU4KTVFzd0NRWURWUVFERXdKallUQWdGdzB5TkRBNE1qTXhNRFU0TXpsYUdBOHlNRFUwTURneU16RXhNRGd6T1ZvdwpEVEVMTUFrR0ExVUVBeE1DWTJFd2dnSWlNQTBHQ1NxR1NJYjNEUUVCQVFVQUE0SUNEd0F3Z2dJS0FvSUNBUURUCmc1S1FlU0tuQ3d6RE5UMVR5TVNTaU1tMW1veHc3cHBwb21Ra1VtSHFSRklKeklUL002U0J1SmdQMzU3MExwVHQKRG5xKzJkV2hKTmtML0JUUW5EdnN2Y1ZyV0tSTEROQ2pWUnlhUzkyVkc3MFpjRmlGUlZuN1ZiMHVPUW9IK05kegpFNWVvN3VIZzlVVUtCbG5XdUZzR3o1Tk81aGQreS9nNVZVZE1XQzVyS25jaVl4ZEFrZWlMeUFEZzYwMFJReDZFClo0OEJWN0NKR21HcUhpVWc3NmZwcXp6MWh6SlRMK3dqN2NjdWEyYkRqVXN2MlVrSGFhckp2VmNHSXdmQkErVHcKUDJDb3hyWTZtbjdnY0tiNkpDdU9BbC9iMlNXQndUZHFXV1hjRUJhTlFVdllTN3VDbmZHQjJmK1NnR3Ivb1g4Kwp4TGJzMlZVUUp4ZkhPK1QzeFdRVUVGR045ckN6bmRLeTZNdXg4RXVISUx4Z3lLeHgxZGtDSmpWVWdTdlhMZG5BCmpqNC82RGw3ejFFZi9yeXdLMTlSVnAvN2ZoY0JHcVJBdUM0MUk0TGJkTHl1ZmpyeFZIVlJtMTF1Sy9IdVIvUWgKWXh6bDI2d3FGYVRDRk4xTEVCNml2a0Rqdm1xYVlMai9zcDRnd3lkQVJmSWMzcmhRWDdQRHNzTUxyN016Ulo4MQpJbHA4cXNyS0V4dEhYOE1MQ2VwdTZBbEtYRW1aZWt2UFlpK1FTdFIzdStkVmdnZExON01POTJKOVdTU1hjdWpCCkE1MFg1YkRXcE1CWVQ4dEtHSDZzcGVsaFYyaHV6bVljU2pQdVB5dHBFcXFtZHlDUDlDT2RYc0hEVHBkQUFWZkUKNmg0aTRtdEZ3R2VNL2k2Vkg1Zm16SzhwRkdmWWtoWjVaRGJSdWhvVXR3SURBUUFCbzBJd1FEQU9CZ05WSFE4QgpBZjhFQkFNQ0FxUXdEd1lEVlIwVEFRSC9CQVV3QXdFQi96QWRCZ05WSFE0RUZnUVVmbyszSDByaFFGUHAzQjFuCm1ZSitJaTNCOVJvd0RRWUpLb1pJaHZjTkFRRUxCUUFEZ2dJQkFFL3czUHNFU3NKYjhoVkIxUG4xSE9HUnZneUwKRWJtcFBKMHNIYkNWL3lPcEtuMzQxL05ub21LdjZ5ZzNjcmNoY2gvVW5vWGlzeXJEaFRSQVdWdyt3b1ByK05MVApoTy9mNE43Y0dZSldFWXhTN0hESlFzUzNLSFpiclRmMkM0emloSjl6Sis0Qkk0QzdWSXB6K3VmdzhtNEYzRjg4CitvVlowNnpRd05pbFNzZzdCZWd4WmhublluTjVsQmQvcHQ3OEczcmRrVHlpV2hoZndHUlZFZXpLSDViMFlVem8Kd09taCtObzBMUVNleG1FRS9mdHNJdjhpdFNORDNvWE4wbndNWHZncEl2M0xNZjBEYldtK1BSMmxKaWlFRXZSdQpBbUVNMy9zUkxwMnZNTnlVQ0hhUWoxRGgwWGxVaDhvaXhvRUpuSXpMM2UxR3BwUEtjY2hINnZLc25TeFFjSEFhCkNjRlVhZkNYUHpibTJZVXpuaFBqMWEraE81OFBCQ2p0UWpBRkt5V3hkQ1BSY1Y5ZS84Y2FoOGVZbE9ZZ2JrY0EKMVQ3R0hPY3hHOXVSaVBpMzRJTzE0UUROL0RHZnkrV3RZWjRaL2IwQVZRNXJSQ2J1Z1Z1OVVxYTFraWlHQVAvUwp6T0Z4cWpLeUgrZ2F4OXVraU0yK3RWYjA5cnZLNklJaForbzhxcUgvU20zRUNOcEtsUnI0RDFwZDgzYlV0cUtRCjcrQ1BDN3hUSHg1eHpjYnh0blIxSWQ5WWFZREJxbkhSK010cmljTTVnNzBzRVQrVStNOEVJZVJray9yQzlwUlEKNnQ5ZXFudTgyaTk3THRJS1JiUUx4U21ERTdGMTJvcHpUWTF1WUJIYm9sWGJoYTE1S1RSeVBSUHg2czBlMXhPeApTSUVCRlJ3TTRUUGF2OVdoCi0tLS0tRU5EIENFUlRJRklDQVRFLS0tLS0K\n    server: https://aks-pvaks-cac-001.privatelink.eastus.azmk8s.io:443\n  name: aks-pvaks-cac-001\ncontexts:\n- context:\n    cluster: aks-pvaks-cac-001\n    user: clusterUser_rg-dev-aks_aks-pvaks-cac-001\n  name: aks-pvaks-cac-001\ncurrent-context: aks-pvaks-cac-001\nkind: Config\npreferences: {}\nusers:\n- name: clusterUser_rg-dev-aks_aks-pvaks-cac-001\n  user:\n    client-certificate-data: LS0tLS1CRUdJTiBDRVJUSUZJQ0FURS0tLS0tCk1JSUZIakNDQXdhZ0F3SUJBZ0lSQUlMOUtlSnVYOTMzcm5ZU3hCN0xuSG93RFFZSktvWklodmNOQVFFTEJRQXcKRFRFTE1Ba0dBMVVFQXhNQ1kyRXdIaGNOTWpRd09ESXpNVEExT0RNNVdoY05Nall3T0RJek1URXdPRE01V2pBdwpNUmN3RlFZRFZRUUtFdzV6ZVhOMFpXMDZiV0Z6ZEdWeWN6RVZNQk1HQTFVRUF4TU1iV0Z6ZEdWeVkyeHBaVzUwCk1JSUNJakFOQmdrcWhraUc5dzBCQVFFRkFBT0NBZzhBTUlJQ0NnS0NBZ0VBazgyV2wzczFBSEVVV2ZrWDlHYmMKb1JJQUZJazFOYUFQWmhDaGZIUzB5TDBRWEkvbHExcDIxY0Fuc2NERGdCWHBvYi9aUTd1bU5YVEZjOWI1RU4xQwpiNmhFZ1R4b2ZMZ08zVVJJbTBPR2cvenBJUmhoNjFUQVUzY3I5Y1RwdDJ4Q0lvYTJZYlNyUnRweEZmbmlpVW40Ckc5L3hZemNxQ0k3ZmdtY1pxajM3ZlB3RmhUL0tENVc2NnVMVThtQytZL3owVTZzSHNCSUlOS2U1OW1jcEE5N0gKNC9UWms0WjIvcGVSWkt3T0xlRzdGTExKTHE1bG9tUHVNdEhsR0FVUVdGV2daSWtwSnFGVFhJbmxqc21tVFlUUAprZHgxMzc0cmRVSFc1YlM4NUprZDVXUU5wL3FWY3o4Q1MzY0pESGt5bWJmZFZSN1MzQkpEd1dXaVlqajdsQThiCm8vcDMzcTVISzNXVlRnQzRpNkRsTzlkUnpHUHk2dUhEQm9xOGs5by80STlwRlBzZHd5b3M4bzF1T3Qzbjd6TnMKd1NTL21SeE9QVUpjOWJ0b3FNU1Y2YVpMZTh1UWsvbDMxV3k3MFk2Ryt3T0pPZmhNL1BKeEdHbmVXeWlBcy90WQphUGpnV3NGV0VZbDI3VXdSSG00Q25MQlBzbm9VYi9qbmNuODZoR0xXWnBmckJodXowMzhGZzlDLzYvNDVVdm1LCmR4RUFlRkZOUGVhMmdTMktMdk5jTzlONjQ4SjI3Yng3dEFpSGZQQkpWdFVzUmdmbjFTSlBjWHhoTHRIWXA3SUYKYVd4aVFiQ041djEzV2RncFVDem5wa1U3T2wrZnJadGRnMlB6QnoyTk9YSlFPODNOVWJxQ1BUSzNUOWw0ak1iKwpsZ2VIRzNEOERHSEVaZ1VYMXVXWTFTRUNBd0VBQWFOV01GUXdEZ1lEVlIwUEFRSC9CQVFEQWdXZ01CTUdBMVVkCkpRUU1NQW9HQ0NzR0FRVUZCd01DTUF3R0ExVWRFd0VCL3dRQ01BQXdId1lEVlIwakJCZ3dGb0FVZm8rM0gwcmgKUUZQcDNCMW5tWUorSWkzQjlSb3dEUVlKS29aSWh2Y05BUUVMQlFBRGdnSUJBTktaTWhUc3VFcVBrVkpuTEM4MQpsM3dmdVlJeEN5dktYWFhvRHFzcFZwVi9NbDJhM0lEcVhqTU44YjB5M1pudExyNU1BdW12TUloWU91T0VVWkkxCm01bGhFb21ablg3SFYrcWx1TFIyRkJnMVdoRlQxUjhMTlkweW93bFVGTEs5NVd3MlJwRHdpQ0ZMWjJyOWhQWmMKWW9lSk02QXo1K1o2TURzSXU1eER1L2VvcUdJMHV1Y0krRnJkYkVEVkZvcjVwOFhpczc0WG00VkNsZERzN0JRKwo2V2dLOFpCMDU3L1RmSHptcVoyWms3UWdYUkJIKzNucVlwZUJuMXQ5YUtTY0pWUy9OTE9YL0k5L0Fnc2R2UDF2ClVsdi9jVjZmUHRRZUk2dHozdHpMNFpXUlRVWVpZMVpkZHI5TkJ4RTFScGpYVzVFZXNzWkJlYXFVcVE2WVd0anoKTjBraEM3dU9CcGwxNlMyZldPRDdzdmU1bFZnbWtTNHpxcTRyb2k2WWZ3T0dzWHJjT2NxTUVCL3JjU1NaNFZLSQpmcVFKVGRsMGFRa1RwemRoUHhYc0MzeDJvS1BEQlBtWU44b01ZVkdLV0VHNTREMGxwZWpaRzRzWEE0ZUNxazJ1CjZLZVU2M3JIZWlVdUZWNDVwSjBnaW15S1B0QUtuRWdDRUM0b2pVRThZY0t1eTliTjVJMFJScEs3cEN1aThRTFYKTkwyb1hWS1NuL0J2S0NudVZYV1ZzK0tZbG1uajc5eHp2ZUpiTjZLcDNpSUpEUFI5bUdkN003cm9xc2hIa042TgpKOU95ZXhxSmdWRURSMklwTUVqWG53QkR1SC9oOGt0Q2NQNXJTbXZVeDZXK05SZC92WTNKUHJoTWxnNUwzVWpKCkFTRUp5QU5WWER3ci9LQXh1V1hJdW9XdwotLS0tLUVORCBDRVJUSUZJQ0FURS0tLS0tCg==\n    client-key-data: LS0tLS1CRUdJTiBSU0EgUFJJVkFURSBLRVktLS0tLQpNSUlKS0FJQkFBS0NBZ0VBazgyV2wzczFBSEVVV2ZrWDlHYmNvUklBRklrMU5hQVBaaENoZkhTMHlMMFFYSS9sCnExcDIxY0Fuc2NERGdCWHBvYi9aUTd1bU5YVEZjOWI1RU4xQ2I2aEVnVHhvZkxnTzNVUkltME9HZy96cElSaGgKNjFUQVUzY3I5Y1RwdDJ4Q0lvYTJZYlNyUnRweEZmbmlpVW40RzkveFl6Y3FDSTdmZ21jWnFqMzdmUHdGaFQvSwpENVc2NnVMVThtQytZL3owVTZzSHNCSUlOS2U1OW1jcEE5N0g0L1RaazRaMi9wZVJaS3dPTGVHN0ZMTEpMcTVsCm9tUHVNdEhsR0FVUVdGV2daSWtwSnFGVFhJbmxqc21tVFlUUGtkeDEzNzRyZFVIVzViUzg1SmtkNVdRTnAvcVYKY3o4Q1MzY0pESGt5bWJmZFZSN1MzQkpEd1dXaVlqajdsQThiby9wMzNxNUhLM1dWVGdDNGk2RGxPOWRSekdQeQo2dUhEQm9xOGs5by80STlwRlBzZHd5b3M4bzF1T3Qzbjd6TnN3U1MvbVJ4T1BVSmM5YnRvcU1TVjZhWkxlOHVRCmsvbDMxV3k3MFk2Ryt3T0pPZmhNL1BKeEdHbmVXeWlBcy90WWFQamdXc0ZXRVlsMjdVd1JIbTRDbkxCUHNub1UKYi9qbmNuODZoR0xXWnBmckJodXowMzhGZzlDLzYvNDVVdm1LZHhFQWVGRk5QZWEyZ1MyS0x2TmNPOU42NDhKMgo3Yng3dEFpSGZQQkpWdFVzUmdmbjFTSlBjWHhoTHRIWXA3SUZhV3hpUWJDTjV2MTNXZGdwVUN6bnBrVTdPbCtmCnJadGRnMlB6QnoyTk9YSlFPODNOVWJxQ1BUSzNUOWw0ak1iK2xnZUhHM0Q4REdIRVpnVVgxdVdZMVNFQ0F3RUEKQVFLQ0FnQnpPbU4rQTNMbHZrTGtoaHNUMGlHTmZUQU0wbzltR0R3SkVVd2tjQVFGUDhpQ3NUaVhwM1pmM0dmVgozM2RLNDBwNmJNd2dUeW9jSU1aVE1qU0kza2FPTUR3QUdTMUlsbUlZUk1UcUx2R3U4cng1cmIyaEx6aWxtWkh2CkVDNDVicS84cE5PSlJzWUUvZ1lONFB1b2xyOVVVL21ucFBrakpPZkJqVWxuL055VXF4Sk91TlY1NHZ5UFpIb3AKNEJ4dWJXVzUyT3VzYTlKejRwTkxNMCs1a2JSNjFvZk55Slg2bEFXbzI2NU9QTjZTRzNSVzdXV1UvWjFWaDJlNApteklMKysySWs1bytZS1ZSenJ2bDN2WEZGNWFQbTdWVjByZWt1Y2lrMm93dEYrWkQwUVlJZ0lhRkM0bHBkZ3JhCjY1MzBVM0M5ak1OTkNQeER5VTJZajk0cXBzQ2ZualpXajFPaUorcGVTUW9abnNqL2JnS3lxbzIyYzBydnBtUUoKUVVaTmVkbW5UREVNNVJKSmx4aC92b1lUalIzbnZuUzJNMVloTGo2Z0wrZkhsdGdYcUVFeWpFZjB1TjdGYUxQYgoyaU5VWGVvUktqektWZ1dEQVlsK29CU0F2YTNLamtSZy9xRG5nN2VqMHpmakI0c0ZFUDJieVlURTd3M2wxaU9TCmtFc3N2MjJRZ3hIc1B1YTNBT2cwSjlwU05PSFVDdGxnUmZXSWZGYk1YbmlCWTdMb3JsVGZudkFXSW5WSjFVMnMKTXdSd3N4UzAvS1oxeDNTOFpnMWNKdTBlUWRxdnUremlEcmVGbjNRNmYxLzRJV1Jicy83SkwwbjJweFhWL1Z2MQphYWRIQkZrZ0NZSzFkU0d2RGJzb0tyRGhUUVNVcDc5eEQ0Z20wTW1IM2FyL0ZTemdBUUtDQVFFQXc0cEVqNXJ2CmRORDJCVVdmQ1VkaGFmZmZJUjd0NW9wOEt1di9RanhjZjNiTzRQS2pMSjltYndEWm5YYnpRc1U1YS9vazJETzUKUTNsOUE5Ykp2dlMzQkF0NzVRQXlRbTM2dzlNT0pWeDZaTjk4UmRjai9wVk1HRFgxeEJnR3krQW5FVHBUUUpvSwprS3VxVmJkekdoNmk0T3M5L2tHT240T3l2VElKcGNNTzFFWndaR2tyR0twN2tzT2Y4MGpMSUp3Zkl6TEp5a09MCjNjRjRjQ056VnhaaDFKTjhmTXpwY3EyRDVCdG8yamFNaE1WNE1SUThySXJLMlBER09Zdlh0NjJSQVFHeENvSTYKY09HSzhYd3RReSswbHI2UUNtbUFVOUhBOVBwUVBMRHFsdGxpSWZZczBoQW5Ob0Vqdk9UdDRhSy8vMWdUVmF6cQo5NFBKS2RDc0Z4dERBUUtDQVFFQXdZREJkVzJaNEYzYnhvNTBFM0tDOXQ0M0FrZ0N1bkxWSjJkSU81QVBrcldCCmovQVdEZGRPNU55TVNxTjRJalh3UDVjOVFzWXVpUUlYNkRkMXN1SWkwR0hUaDlBK3dmKzZBUkozdTQvenNHU1gKVWdUZVZiTGx3d3daUHNaTVRWTVJqR3hZOHJLNkloYnF2bC91WEZLcUFpQURXZ1BycFlaTCt4WFd2eHh5VjMyRwpBOWJrOFRZQ295YWluUVhCTk13L1lsMXRNYnhPZG1qVDNPMkZMa0JlUVlQdVJuUEY1U3NCYlR0WUZ3TWRLMndaCmk2d1lpY0hpeVFKQjRmRk9KWThKcktBZmVWNk03dWJCODNTbjQ1a3FEWGtZMVZxTEROblA3NHVsNTVHNzNLazYKaDg1dVhnZmFXbjlpeFlqVlM0MktwSXpOdUVRY1d0TExnZy91MnY4eUlRS0NBUUEvZG1LbUVPemlodWN4OHRTWQoyRmZmWXBsQ1VKMTVrenlWV1o2d3lwSml0QmFVbjJzaUVtSFdhUG8zeHVGUXJGM2trM3pkeG51OFVIT29pVTlVCjhHdHRucVNKUURVUHBrNGF2Q2I5TFRSMEJLeDZwa2FDVzhZa25XNjBRL0FBdnpFdXdEVkE1RDNGa2xGb0hHLzQKN0RTRXR4U1pyb0V4ZURiTWZLN3c0NHV1aldYdzBNa3g2akxOQVR5cVl0ZTZMN0ZUWlNwa3dPTm1CMktsVW53ZQpxWjc2dFJ0VURkVSthTjVEYkRudGlJSzJuTGhUaFhQanMrLzkxTGNnK2lmNjd4UCt0YVBWKzBvb1ZLc1prT25ICnduWGo3dGtrNS9URVAzRldrTjcxczUyUGMrSUxqN0FnUlNuVTRMak9sNlkwOHZOSlZqYUFPZXpRaEM4SHFUZ1IKRDhJQkFvSUJBUUN2MW5MMlpLeHFDS0NJWkRieTNTSkpkMUVCajdKNi81TFhCYkhML25OSVhBdnFZcitId0ZuKworck81dDZhWlgrNTd1dEYrZGwwZlAzbStHWGVwSUhtR1p2OHo4WGEyRDg1VTN4VlNxZE5HUFlLTWs4UCttRnpWCnk0NjlUckZUcXVMTmVqK3grOXZNMG9wcWlQNHZneWJlVzN6d05aUFRqS0JMQUdOdXMwanNYREtHRnFkZzBqVy8KVUlLQXNoUUtDSGlveUVGTDZ0UmFJWlEwdE5wTFYwN1B0alcyYThvdkg4OWlGWVZORkJWVHVoM1VvSVNEMmw1ZApUdUhUa2RYenAzR2hIcmk3TDhKZDdlL2RiZXFLbGtweWg5S2JQbllSTFhVWk53dUJ6UnFyd0ZSaHlLTGVhOEJ1CmNFZXZQVkttSDI4WGJLUWNpRGhFQ0QzS2FQUWlxYmhCQW9JQkFGM0xya2hvSWVFclRycUlPeURDN01iVzZMWW4KRjdJR2MvUFBrN3Z5QmhCRVowNWRTbVppSU5XU1h4WEMzN01XdGlzcGUrY2VXZVMrbnJIS1ZzdS9LdSs1TzAvMQpielpzZ1ZvekFlRm81Zkh1Z2Y0c3gzQTV6bEN5aHE1NkRuT0p4N0FmRzZOZGZseWhlY3IzZ1kyajFkQm1jblJxCjRHcGFTUHlCMmxuNzZZUFpBTkQvMlkzL1ZCaCtnTEpSNWcrbjVJZWR6Y0RScG1CSFMwY3NPRDVjNzRtTGc5TzQKOWp3bEF1S20zN2dyVFoxQktZbkFicHFyUkRxSWJ4dEs2eElVUHBGQ2FrYm5xTjJ6Rm8zRzhjWWd0VzFJTXBMZQpIUzc5WjZBdW01dHNhOWZuZjB2UncrVHRONTA3QTl5dXZlSXVlbE45N1ViaEMyTzRqY0VOcnY5UVk4dz0KLS0tLS1FTkQgUlNBIFBSSVZBVEUgS0VZLS0tLS0K\n    token: xsn6pyr3c3ohx1ud9cyl8r5ofgdqsav6a6jzgnu2pofzd9wd2eemmg2u3g0mf2olwxzgap1ouk8zxwvvutz35rv5dswmqeo0zwa7jircdp6sp66wilm6889ypzpzu93y\n",
            "kubelet_identity": [
              {
                "client_id": "ad1aaca0-e613-4470-be83-7eb947511020",
                "object_id": "5abe39d3-c1ae-469f-8cf3-b766496565d6",
                "user_assigned_identity_id": "/subscriptions/05431236-577b-4c75-9f9b-058ef2431e96/resourceGroups/MC_rg-dev-aks_aks-pvaks-cac-001_eastus/providers/Microsoft.ManagedIdentity/userAssignedIdentities/aks-pvaks-cac-001-agentpool"
              }
            ],
            "kubernetes_version": "1.29",
            "linux_profile": [],
            "local_account_disabled": false,
            "location": "eastus",
            "maintenance_window": [],
            "maintenance_window_auto_upgrade": [],
            "maintenance_window_node_os": [],
            "microsoft_defender": [],
            "monitor_metrics": [],
            "name": "aks-pvaks-cac-001",
            "network_profile": [
              {
                "dns_service_ip": "10.1.3.4",
                "docker_bridge_cidr": "",
                "ebpf_data_plane": "",
                "ip_versions": [
                  "IPv4"
                ],
                "load_balancer_profile": [
                  {
                    "effective_outbound_ips": [
                      "/subscriptions/05431236-577b-4c75-9f9b-058ef2431e96/resourceGroups/MC_rg-dev-aks_aks-pvaks-cac-001_eastus/providers/Microsoft.Network/publicIPAddresses/5d0c4aa5-a540-4cbd-8031-dac87c2a2488"
                    ],
                    "idle_timeout_in_minutes": 0,
                    "managed_outbound_ip_count": 1,
                    "managed_outbound_ipv6_count": 0,
                    "outbound_ip_address_ids": [],
                    "outbound_ip_prefix_ids": [],
                    "outbound_ports_allocated": 0
                  }
                ],
                "load_balancer_sku": "standard",
                "nat_gateway_profile": [],
                "network_mode": "",
                "network_plugin": "azure",
                "network_plugin_mode": "",
                "network_policy": "",
                "outbound_type": "loadBalancer",
                "pod_cidr": "",
                "pod_cidrs": [],
                "service_cidr": "10.1.3.0/24",
                "service_cidrs": [
                  "10.1.3.0/24"
                ]
              }
            ],
            "node_os_channel_upgrade": null,
            "node_resource_group": "MC_rg-dev-aks_aks-pvaks-cac-001_eastus",
            "node_resource_group_id": "/subscriptions/05431236-577b-4c75-9f9b-058ef2431e96/resourceGroups/MC_rg-dev-aks_aks-pvaks-cac-001_eastus",
            "oidc_issuer_enabled": false,
            "oidc_issuer_url": "",
            "oms_agent": [],
            "open_service_mesh_enabled": null,
            "portal_fqdn": "d3a0808bbfb52768f957d4a0d4bd1a3f-priv.portal.hcp.eastus.azmk8s.io",
            "private_cluster_enabled": true,
            "private_cluster_public_fqdn_enabled": false,
            "private_dns_zone_id": "/subscriptions/05431236-577b-4c75-9f9b-058ef2431e96/resourceGroups/rg-dev-aks/providers/Microsoft.Network/privateDnsZones/privatelink.eastus.azmk8s.io",
            "private_fqdn": "aks-pvaks-cac-001.privatelink.eastus.azmk8s.io",
            "public_network_access_enabled": true,
            "resource_group_name": "rg-dev-aks",
            "role_based_access_control_enabled": true,
            "run_command_enabled": true,
            "service_mesh_profile": [],
            "service_principal": [],
            "sku_tier": "Free",
            "storage_profile": [],
            "support_plan": "KubernetesOfficial",
            "tags": null,
            "timeouts": null,
            "web_app_routing": [],
            "windows_profile": [
              {
                "admin_password": "",
                "admin_username": "azureuser",
                "gmsa": [],
                "license": ""
              }
            ],
            "workload_autoscaler_profile": [],
            "workload_identity_enabled": false
          },
          "sensitive_attributes": [
            [
              {
                "type": "get_attr",
                "value": "kube_admin_config_raw"
              }
            ],
            [
              {
                "type": "get_attr",
                "value": "kube_config"
              }
            ],
            [
              {
                "type": "get_attr",
                "value": "windows_profile"
              },
              {
                "type": "index",
                "value": {
                  "value": 0,
                  "type": "number"
                }
              },
              {
                "type": "get_attr",
                "value": "admin_password"
              }
            ],
            [
              {
                "type": "get_attr",
                "value": "kube_admin_config"
              }
            ],
            [
              {
                "type": "get_attr",
                "value": "kube_config_raw"
              }
            ]
          ],
          "private": "eyJlMmJmYjczMC1lY2FhLTExZTYtOGY4OC0zNDM2M2JjN2M0YzAiOnsiY3JlYXRlIjo1NDAwMDAwMDAwMDAwLCJkZWxldGUiOjU0MDAwMDAwMDAwMDAsInJlYWQiOjMwMDAwMDAwMDAwMCwidXBkYXRlIjo1NDAwMDAwMDAwMDAwfSwic2NoZW1hX3ZlcnNpb24iOiIyIn0=",
          "dependencies": [
            "azurerm_private_dns_zone.aks",
            "azurerm_resource_group.rg-name",
            "azurerm_role_assignment.dns_contributor",
            "azurerm_role_assignment.network_contributor",
            "azurerm_subnet.aks",
            "azurerm_user_assigned_identity.aks",
            "azurerm_virtual_network.vnet_aks"
          ]
        }
      ]
    },
    {
      "mode": "managed",
      "type": "azurerm_private_dns_zone",
      "name": "acr",
      "provider": "provider[\"registry.terraform.io/hashicorp/azurerm\"]",
      "instances": [
        {
          "schema_version": 0,
          "attributes": {
            "id": "/subscriptions/05431236-577b-4c75-9f9b-058ef2431e96/resourceGroups/rg-dev-aks/providers/Microsoft.Network/privateDnsZones/privatelink.azurecr.io",
            "max_number_of_record_sets": 25000,
            "max_number_of_virtual_network_links": 1000,
            "max_number_of_virtual_network_links_with_registration": 100,
            "name": "privatelink.azurecr.io",
            "number_of_record_sets": 3,
            "resource_group_name": "rg-dev-aks",
            "soa_record": [
              {
                "email": "azureprivatedns-host.microsoft.com",
                "expire_time": 2419200,
                "fqdn": "privatelink.azurecr.io.",
                "host_name": "azureprivatedns.net",
                "minimum_ttl": 10,
                "refresh_time": 3600,
                "retry_time": 300,
                "serial_number": 1,
                "tags": {},
                "ttl": 3600
              }
            ],
            "tags": {},
            "timeouts": null
          },
          "sensitive_attributes": [],
          "private": "eyJlMmJmYjczMC1lY2FhLTExZTYtOGY4OC0zNDM2M2JjN2M0YzAiOnsiY3JlYXRlIjoxODAwMDAwMDAwMDAwLCJkZWxldGUiOjE4MDAwMDAwMDAwMDAsInJlYWQiOjMwMDAwMDAwMDAwMCwidXBkYXRlIjoxODAwMDAwMDAwMDAwfX0=",
          "dependencies": [
            "azurerm_container_registry.acr",
            "azurerm_resource_group.rg-name",
            "azurerm_subnet.aks",
            "azurerm_virtual_network.vnet_aks"
          ]
        }
      ]
    },
    {
      "mode": "managed",
      "type": "azurerm_private_dns_zone",
      "name": "aks",
      "provider": "provider[\"registry.terraform.io/hashicorp/azurerm\"]",
      "instances": [
        {
          "schema_version": 0,
          "attributes": {
            "id": "/subscriptions/05431236-577b-4c75-9f9b-058ef2431e96/resourceGroups/rg-dev-aks/providers/Microsoft.Network/privateDnsZones/privatelink.eastus.azmk8s.io",
            "max_number_of_record_sets": 25000,
            "max_number_of_virtual_network_links": 1000,
            "max_number_of_virtual_network_links_with_registration": 100,
            "name": "privatelink.eastus.azmk8s.io",
            "number_of_record_sets": 1,
            "resource_group_name": "rg-dev-aks",
            "soa_record": [
              {
                "email": "azureprivatedns-host.microsoft.com",
                "expire_time": 2419200,
                "fqdn": "privatelink.eastus.azmk8s.io.",
                "host_name": "azureprivatedns.net",
                "minimum_ttl": 10,
                "refresh_time": 3600,
                "retry_time": 300,
                "serial_number": 1,
                "tags": {},
                "ttl": 3600
              }
            ],
            "tags": {},
            "timeouts": null
          },
          "sensitive_attributes": [],
          "private": "eyJlMmJmYjczMC1lY2FhLTExZTYtOGY4OC0zNDM2M2JjN2M0YzAiOnsiY3JlYXRlIjoxODAwMDAwMDAwMDAwLCJkZWxldGUiOjE4MDAwMDAwMDAwMDAsInJlYWQiOjMwMDAwMDAwMDAwMCwidXBkYXRlIjoxODAwMDAwMDAwMDAwfX0=",
          "dependencies": [
            "azurerm_resource_group.rg-name"
          ]
        }
      ]
    },
    {
      "mode": "managed",
      "type": "azurerm_private_dns_zone_virtual_network_link",
      "name": "acr2",
      "provider": "provider[\"registry.terraform.io/hashicorp/azurerm\"]",
      "instances": [
        {
          "schema_version": 0,
          "attributes": {
            "id": "/subscriptions/05431236-577b-4c75-9f9b-058ef2431e96/resourceGroups/rg-dev-aks/providers/Microsoft.Network/privateDnsZones/privatelink.azurecr.io/virtualNetworkLinks/pdznl-acr-cac-002",
            "name": "pdznl-acr-cac-002",
            "private_dns_zone_name": "privatelink.azurecr.io",
            "registration_enabled": false,
            "resource_group_name": "rg-dev-aks",
            "tags": {},
            "timeouts": null,
            "virtual_network_id": "/subscriptions/05431236-577b-4c75-9f9b-058ef2431e96/resourceGroups/rg-dev-aks/providers/Microsoft.Network/virtualNetworks/vnet-aks"
          },
          "sensitive_attributes": [],
          "private": "eyJlMmJmYjczMC1lY2FhLTExZTYtOGY4OC0zNDM2M2JjN2M0YzAiOnsiY3JlYXRlIjoxODAwMDAwMDAwMDAwLCJkZWxldGUiOjE4MDAwMDAwMDAwMDAsInJlYWQiOjMwMDAwMDAwMDAwMCwidXBkYXRlIjoxODAwMDAwMDAwMDAwfX0=",
          "dependencies": [
            "azurerm_container_registry.acr",
            "azurerm_private_dns_zone.acr",
            "azurerm_resource_group.rg-name",
            "azurerm_subnet.aks",
            "azurerm_virtual_network.vnet_aks"
          ]
        }
      ]
    },
    {
      "mode": "managed",
      "type": "azurerm_private_dns_zone_virtual_network_link",
      "name": "aks1",
      "provider": "provider[\"registry.terraform.io/hashicorp/azurerm\"]",
      "instances": [
        {
          "schema_version": 0,
          "attributes": {
            "id": "/subscriptions/05431236-577b-4c75-9f9b-058ef2431e96/resourceGroups/rg-dev-aks/providers/Microsoft.Network/privateDnsZones/privatelink.eastus.azmk8s.io/virtualNetworkLinks/pdzvnl-aks-cac-001",
            "name": "pdzvnl-aks-cac-001",
            "private_dns_zone_name": "privatelink.eastus.azmk8s.io",
            "registration_enabled": false,
            "resource_group_name": "rg-dev-aks",
            "tags": {},
            "timeouts": null,
            "virtual_network_id": "/subscriptions/05431236-577b-4c75-9f9b-058ef2431e96/resourceGroups/rg-dev-aks/providers/Microsoft.Network/virtualNetworks/vnet-aks"
          },
          "sensitive_attributes": [],
          "private": "eyJlMmJmYjczMC1lY2FhLTExZTYtOGY4OC0zNDM2M2JjN2M0YzAiOnsiY3JlYXRlIjoxODAwMDAwMDAwMDAwLCJkZWxldGUiOjE4MDAwMDAwMDAwMDAsInJlYWQiOjMwMDAwMDAwMDAwMCwidXBkYXRlIjoxODAwMDAwMDAwMDAwfX0=",
          "dependencies": [
            "azurerm_private_dns_zone.aks",
            "azurerm_resource_group.rg-name",
            "azurerm_virtual_network.vnet_aks"
          ]
        }
      ]
    },
    {
      "mode": "managed",
      "type": "azurerm_private_endpoint",
      "name": "acr",
      "provider": "provider[\"registry.terraform.io/hashicorp/azurerm\"]",
      "instances": [
        {
          "schema_version": 0,
          "attributes": {
            "custom_dns_configs": [],
            "custom_network_interface_name": "",
            "id": "/subscriptions/05431236-577b-4c75-9f9b-058ef2431e96/resourceGroups/rg-dev-aks/providers/Microsoft.Network/privateEndpoints/pe-acr-cac-001",
            "ip_configuration": [],
            "location": "eastus",
            "name": "pe-acr-cac-001",
            "network_interface": [
              {
                "id": "/subscriptions/05431236-577b-4c75-9f9b-058ef2431e96/resourceGroups/rg-dev-aks/providers/Microsoft.Network/networkInterfaces/pe-acr-cac-001.nic.bd407b3d-e7a6-43c2-8691-c86d03c33884",
                "name": "pe-acr-cac-001.nic.bd407b3d-e7a6-43c2-8691-c86d03c33884"
              }
            ],
            "private_dns_zone_configs": [
              {
                "id": "/subscriptions/05431236-577b-4c75-9f9b-058ef2431e96/resourceGroups/rg-dev-aks/providers/Microsoft.Network/privateEndpoints/pe-acr-cac-001/privateDnsZoneGroups/pdzg-acr-cac-001/privateDnsZoneConfigs/privatelink.azurecr.io",
                "name": "privatelink.azurecr.io",
                "private_dns_zone_id": "/subscriptions/05431236-577b-4c75-9f9b-058ef2431e96/resourceGroups/rg-dev-aks/providers/Microsoft.Network/privateDnsZones/privatelink.azurecr.io",
                "record_sets": [
                  {
                    "fqdn": "acrakssomen.eastus.data.privatelink.azurecr.io",
                    "ip_addresses": [
                      "10.1.1.4"
                    ],
                    "name": "acrakssomen.eastus.data",
                    "ttl": 10,
                    "type": "A"
                  },
                  {
                    "fqdn": "acrakssomen.privatelink.azurecr.io",
                    "ip_addresses": [
                      "10.1.1.5"
                    ],
                    "name": "acrakssomen",
                    "ttl": 10,
                    "type": "A"
                  }
                ]
              }
            ],
            "private_dns_zone_group": [
              {
                "id": "/subscriptions/05431236-577b-4c75-9f9b-058ef2431e96/resourceGroups/rg-dev-aks/providers/Microsoft.Network/privateEndpoints/pe-acr-cac-001/privateDnsZoneGroups/pdzg-acr-cac-001",
                "name": "pdzg-acr-cac-001",
                "private_dns_zone_ids": [
                  "/subscriptions/05431236-577b-4c75-9f9b-058ef2431e96/resourceGroups/rg-dev-aks/providers/Microsoft.Network/privateDnsZones/privatelink.azurecr.io"
                ]
              }
            ],
            "private_service_connection": [
              {
                "is_manual_connection": false,
                "name": "psc-acr-cac-001",
                "private_connection_resource_alias": "",
                "private_connection_resource_id": "/subscriptions/05431236-577b-4c75-9f9b-058ef2431e96/resourceGroups/rg-dev-aks/providers/Microsoft.ContainerRegistry/registries/acrakssomen",
                "private_ip_address": "10.1.1.4",
                "request_message": "",
                "subresource_names": [
                  "registry"
                ]
              }
            ],
            "resource_group_name": "rg-dev-aks",
            "subnet_id": "/subscriptions/05431236-577b-4c75-9f9b-058ef2431e96/resourceGroups/rg-dev-aks/providers/Microsoft.Network/virtualNetworks/vnet-aks/subnets/snet-aks",
            "tags": {},
            "timeouts": null
          },
          "sensitive_attributes": [],
          "private": "eyJlMmJmYjczMC1lY2FhLTExZTYtOGY4OC0zNDM2M2JjN2M0YzAiOnsiY3JlYXRlIjozNjAwMDAwMDAwMDAwLCJkZWxldGUiOjM2MDAwMDAwMDAwMDAsInJlYWQiOjMwMDAwMDAwMDAwMCwidXBkYXRlIjozNjAwMDAwMDAwMDAwfX0=",
          "dependencies": [
            "azurerm_container_registry.acr",
            "azurerm_private_dns_zone.acr",
            "azurerm_private_dns_zone_virtual_network_link.acr2",
            "azurerm_resource_group.rg-name",
            "azurerm_subnet.aks",
            "azurerm_virtual_network.vnet_aks"
          ]
        }
      ]
    },
    {
      "mode": "managed",
      "type": "azurerm_resource_group",
      "name": "rg-name",
      "provider": "provider[\"registry.terraform.io/hashicorp/azurerm\"]",
      "instances": [
        {
          "schema_version": 0,
          "attributes": {
            "id": "/subscriptions/05431236-577b-4c75-9f9b-058ef2431e96/resourceGroups/rg-dev-aks",
            "location": "eastus",
            "managed_by": "",
            "name": "rg-dev-aks",
            "tags": {},
            "timeouts": null
          },
          "sensitive_attributes": [],
          "private": "eyJlMmJmYjczMC1lY2FhLTExZTYtOGY4OC0zNDM2M2JjN2M0YzAiOnsiY3JlYXRlIjo1NDAwMDAwMDAwMDAwLCJkZWxldGUiOjU0MDAwMDAwMDAwMDAsInJlYWQiOjMwMDAwMDAwMDAwMCwidXBkYXRlIjo1NDAwMDAwMDAwMDAwfX0="
        }
      ]
    },
    {
      "mode": "managed",
      "type": "azurerm_role_assignment",
      "name": "acr",
      "provider": "provider[\"registry.terraform.io/hashicorp/azurerm\"]",
      "instances": [
        {
          "schema_version": 0,
          "attributes": {
            "condition": "",
            "condition_version": "",
            "delegated_managed_identity_resource_id": "",
            "description": "",
            "id": "/subscriptions/05431236-577b-4c75-9f9b-058ef2431e96/resourceGroups/rg-dev-aks/providers/Microsoft.ContainerRegistry/registries/acrakssomen/providers/Microsoft.Authorization/roleAssignments/7485b983-0e56-0f69-6e05-fef49874e05a",
            "name": "7485b983-0e56-0f69-6e05-fef49874e05a",
            "principal_id": "5abe39d3-c1ae-469f-8cf3-b766496565d6",
            "principal_type": "ServicePrincipal",
            "role_definition_id": "/subscriptions/05431236-577b-4c75-9f9b-058ef2431e96/providers/Microsoft.Authorization/roleDefinitions/7f951dda-4ed3-4680-a7ca-43fe172d538d",
            "role_definition_name": "AcrPull",
            "scope": "/subscriptions/05431236-577b-4c75-9f9b-058ef2431e96/resourceGroups/rg-dev-aks/providers/Microsoft.ContainerRegistry/registries/acrakssomen",
            "skip_service_principal_aad_check": null,
            "timeouts": null
          },
          "sensitive_attributes": [],
          "private": "eyJlMmJmYjczMC1lY2FhLTExZTYtOGY4OC0zNDM2M2JjN2M0YzAiOnsiY3JlYXRlIjoxODAwMDAwMDAwMDAwLCJkZWxldGUiOjE4MDAwMDAwMDAwMDAsInJlYWQiOjMwMDAwMDAwMDAwMH19",
          "dependencies": [
            "azurerm_container_registry.acr",
            "azurerm_kubernetes_cluster.aks",
            "azurerm_private_dns_zone.aks",
            "azurerm_resource_group.rg-name",
            "azurerm_role_assignment.dns_contributor",
            "azurerm_role_assignment.network_contributor",
            "azurerm_subnet.aks",
            "azurerm_user_assigned_identity.aks",
            "azurerm_virtual_network.vnet_aks"
          ]
        }
      ]
    },
    {
      "mode": "managed",
      "type": "azurerm_role_assignment",
      "name": "dns_contributor",
      "provider": "provider[\"registry.terraform.io/hashicorp/azurerm\"]",
      "instances": [
        {
          "schema_version": 0,
          "attributes": {
            "condition": "",
            "condition_version": "",
            "delegated_managed_identity_resource_id": "",
            "description": "",
            "id": "/subscriptions/05431236-577b-4c75-9f9b-058ef2431e96/resourceGroups/rg-dev-aks/providers/Microsoft.Network/privateDnsZones/privatelink.eastus.azmk8s.io/providers/Microsoft.Authorization/roleAssignments/f22fbcdf-c71a-0ceb-42c6-e838fc6c02e0",
            "name": "f22fbcdf-c71a-0ceb-42c6-e838fc6c02e0",
            "principal_id": "aadf2713-ed6b-41b6-8aa8-54e8bf4cf975",
            "principal_type": "ServicePrincipal",
            "role_definition_id": "/subscriptions/05431236-577b-4c75-9f9b-058ef2431e96/providers/Microsoft.Authorization/roleDefinitions/b12aa53e-6015-4669-85d0-8515ebb3ae7f",
            "role_definition_name": "Private DNS Zone Contributor",
            "scope": "/subscriptions/05431236-577b-4c75-9f9b-058ef2431e96/resourceGroups/rg-dev-aks/providers/Microsoft.Network/privateDnsZones/privatelink.eastus.azmk8s.io",
            "skip_service_principal_aad_check": null,
            "timeouts": null
          },
          "sensitive_attributes": [],
          "private": "eyJlMmJmYjczMC1lY2FhLTExZTYtOGY4OC0zNDM2M2JjN2M0YzAiOnsiY3JlYXRlIjoxODAwMDAwMDAwMDAwLCJkZWxldGUiOjE4MDAwMDAwMDAwMDAsInJlYWQiOjMwMDAwMDAwMDAwMH19",
          "dependencies": [
            "azurerm_private_dns_zone.aks",
            "azurerm_resource_group.rg-name",
            "azurerm_user_assigned_identity.aks"
          ]
        }
      ]
    },
    {
      "mode": "managed",
      "type": "azurerm_role_assignment",
      "name": "network_contributor",
      "provider": "provider[\"registry.terraform.io/hashicorp/azurerm\"]",
      "instances": [
        {
          "schema_version": 0,
          "attributes": {
            "condition": "",
            "condition_version": "",
            "delegated_managed_identity_resource_id": "",
            "description": "",
            "id": "/subscriptions/05431236-577b-4c75-9f9b-058ef2431e96/resourceGroups/rg-dev-aks/providers/Microsoft.Network/virtualNetworks/vnet-aks/providers/Microsoft.Authorization/roleAssignments/08060543-38b2-0e93-d3cd-66a38f90e56e",
            "name": "08060543-38b2-0e93-d3cd-66a38f90e56e",
            "principal_id": "aadf2713-ed6b-41b6-8aa8-54e8bf4cf975",
            "principal_type": "ServicePrincipal",
            "role_definition_id": "/subscriptions/05431236-577b-4c75-9f9b-058ef2431e96/providers/Microsoft.Authorization/roleDefinitions/4d97b98b-1d4f-4787-a291-c67834d212e7",
            "role_definition_name": "Network Contributor",
            "scope": "/subscriptions/05431236-577b-4c75-9f9b-058ef2431e96/resourceGroups/rg-dev-aks/providers/Microsoft.Network/virtualNetworks/vnet-aks",
            "skip_service_principal_aad_check": null,
            "timeouts": null
          },
          "sensitive_attributes": [],
          "private": "eyJlMmJmYjczMC1lY2FhLTExZTYtOGY4OC0zNDM2M2JjN2M0YzAiOnsiY3JlYXRlIjoxODAwMDAwMDAwMDAwLCJkZWxldGUiOjE4MDAwMDAwMDAwMDAsInJlYWQiOjMwMDAwMDAwMDAwMH19",
          "dependencies": [
            "azurerm_resource_group.rg-name",
            "azurerm_user_assigned_identity.aks",
            "azurerm_virtual_network.vnet_aks"
          ]
        }
      ]
    },
    {
      "mode": "managed",
      "type": "azurerm_subnet",
      "name": "aks",
      "provider": "provider[\"registry.terraform.io/hashicorp/azurerm\"]",
      "instances": [
        {
          "schema_version": 0,
          "attributes": {
            "address_prefixes": [
              "10.1.1.0/24"
            ],
            "delegation": [],
            "enforce_private_link_endpoint_network_policies": false,
            "enforce_private_link_service_network_policies": false,
            "id": "/subscriptions/05431236-577b-4c75-9f9b-058ef2431e96/resourceGroups/rg-dev-aks/providers/Microsoft.Network/virtualNetworks/vnet-aks/subnets/snet-aks",
            "name": "snet-aks",
            "private_endpoint_network_policies_enabled": true,
            "private_link_service_network_policies_enabled": true,
            "resource_group_name": "rg-dev-aks",
            "service_endpoint_policy_ids": [],
            "service_endpoints": [],
            "timeouts": null,
            "virtual_network_name": "vnet-aks"
          },
          "sensitive_attributes": [],
          "private": "eyJlMmJmYjczMC1lY2FhLTExZTYtOGY4OC0zNDM2M2JjN2M0YzAiOnsiY3JlYXRlIjoxODAwMDAwMDAwMDAwLCJkZWxldGUiOjE4MDAwMDAwMDAwMDAsInJlYWQiOjMwMDAwMDAwMDAwMCwidXBkYXRlIjoxODAwMDAwMDAwMDAwfX0=",
          "dependencies": [
            "azurerm_resource_group.rg-name",
            "azurerm_virtual_network.vnet_aks"
          ]
        }
      ]
    },
    {
      "mode": "managed",
      "type": "azurerm_user_assigned_identity",
      "name": "aks",
      "provider": "provider[\"registry.terraform.io/hashicorp/azurerm\"]",
      "instances": [
        {
          "schema_version": 1,
          "attributes": {
            "client_id": "7bb43df9-a2d2-4f26-8d3b-e2549ad86496",
            "id": "/subscriptions/05431236-577b-4c75-9f9b-058ef2431e96/resourceGroups/rg-dev-aks/providers/Microsoft.ManagedIdentity/userAssignedIdentities/id-aks-cac-001",
            "location": "eastus",
            "name": "id-aks-cac-001",
            "principal_id": "aadf2713-ed6b-41b6-8aa8-54e8bf4cf975",
            "resource_group_name": "rg-dev-aks",
            "tags": {},
            "tenant_id": "bb97c8b6-2d78-4ec5-87f6-28a2c5f89267",
            "timeouts": null
          },
          "sensitive_attributes": [],
          "private": "eyJlMmJmYjczMC1lY2FhLTExZTYtOGY4OC0zNDM2M2JjN2M0YzAiOnsiY3JlYXRlIjoxODAwMDAwMDAwMDAwLCJkZWxldGUiOjE4MDAwMDAwMDAwMDAsInJlYWQiOjMwMDAwMDAwMDAwMCwidXBkYXRlIjoxODAwMDAwMDAwMDAwfSwic2NoZW1hX3ZlcnNpb24iOiIxIn0=",
          "dependencies": [
            "azurerm_resource_group.rg-name"
          ]
        }
      ]
    },
    {
      "mode": "managed",
      "type": "azurerm_user_assigned_identity",
      "name": "pod",
      "provider": "provider[\"registry.terraform.io/hashicorp/azurerm\"]",
      "instances": [
        {
          "schema_version": 1,
          "attributes": {
            "client_id": "c0960736-dc64-4134-8fd8-acafb91c9736",
            "id": "/subscriptions/05431236-577b-4c75-9f9b-058ef2431e96/resourceGroups/rg-dev-aks/providers/Microsoft.ManagedIdentity/userAssignedIdentities/id-pod-cac-001",
            "location": "eastus",
            "name": "id-pod-cac-001",
            "principal_id": "7a03a6f8-fe4f-47d4-9b05-fea7520b69f9",
            "resource_group_name": "rg-dev-aks",
            "tags": {},
            "tenant_id": "bb97c8b6-2d78-4ec5-87f6-28a2c5f89267",
            "timeouts": null
          },
          "sensitive_attributes": [],
          "private": "eyJlMmJmYjczMC1lY2FhLTExZTYtOGY4OC0zNDM2M2JjN2M0YzAiOnsiY3JlYXRlIjoxODAwMDAwMDAwMDAwLCJkZWxldGUiOjE4MDAwMDAwMDAwMDAsInJlYWQiOjMwMDAwMDAwMDAwMCwidXBkYXRlIjoxODAwMDAwMDAwMDAwfSwic2NoZW1hX3ZlcnNpb24iOiIxIn0=",
          "dependencies": [
            "azurerm_resource_group.rg-name"
          ]
        }
      ]
    },
    {
      "mode": "managed",
      "type": "azurerm_virtual_network",
      "name": "vnet_aks",
      "provider": "provider[\"registry.terraform.io/hashicorp/azurerm\"]",
      "instances": [
        {
          "schema_version": 0,
          "attributes": {
            "address_space": [
              "10.1.0.0/16"
            ],
            "bgp_community": "",
            "ddos_protection_plan": [],
            "dns_servers": [],
            "edge_zone": "",
            "encryption": [],
            "flow_timeout_in_minutes": 0,
            "guid": "45cd46d8-d994-44a4-9634-b2381923d62c",
            "id": "/subscriptions/05431236-577b-4c75-9f9b-058ef2431e96/resourceGroups/rg-dev-aks/providers/Microsoft.Network/virtualNetworks/vnet-aks",
            "location": "eastus",
            "name": "vnet-aks",
            "resource_group_name": "rg-dev-aks",
            "subnet": [
              {
                "address_prefix": "10.1.1.0/24",
                "id": "/subscriptions/05431236-577b-4c75-9f9b-058ef2431e96/resourceGroups/rg-dev-aks/providers/Microsoft.Network/virtualNetworks/vnet-aks/subnets/snet-aks",
                "name": "snet-aks",
                "security_group": ""
              }
            ],
            "tags": {},
            "timeouts": null
          },
          "sensitive_attributes": [],
          "private": "eyJlMmJmYjczMC1lY2FhLTExZTYtOGY4OC0zNDM2M2JjN2M0YzAiOnsiY3JlYXRlIjoxODAwMDAwMDAwMDAwLCJkZWxldGUiOjE4MDAwMDAwMDAwMDAsInJlYWQiOjMwMDAwMDAwMDAwMCwidXBkYXRlIjoxODAwMDAwMDAwMDAwfX0=",
          "dependencies": [
            "azurerm_resource_group.rg-name"
          ]
        }
      ]
    }
  ],
  "check_results": null
}
